
Microsoft Visual Studio Solution File, Format Version 12.00
# Visual Studio Version 17
VisualStudioVersion = 17.0.32002.185
MinimumVisualStudioVersion = 10.0.40219.1
Project("{9A19103F-16F7-4668-BE54-9A1E7A4F7556}") = "Lyrics.API", "Lyrics.API\Lyrics.API.csproj", "{E7A2A96C-87FF-4618-9F97-E48DCB335FD7}"
	ProjectSection(ProjectDependencies) = postProject
		{D3B68C0E-61BF-4354-AD8D-5F0FD7119682} = {D3B68C0E-61BF-4354-AD8D-5F0FD7119682}
	EndProjectSection
EndProject
Project("{9A19103F-16F7-4668-BE54-9A1E7A4F7556}") = "Lyrics.Common", "Lyrics.Common\Lyrics.Common.csproj", "{B906BAA3-848E-4DAC-9D1A-53A748FEDFED}"
EndProject
Project("{9A19103F-16F7-4668-BE54-9A1E7A4F7556}") = "Lyrics.API.Tests", "Lyrics.API.Tests\Lyrics.API.Tests.csproj", "{CE8D6353-CE74-48F0-8B03-837026C01154}"
EndProject
Project("{9A19103F-16F7-4668-BE54-9A1E7A4F7556}") = "Lyrics.MusicBrainz.Tests", "Lyrics.MusicBrainz.Tests\Lyrics.MusicBrainz.Tests.csproj", "{A7DB716E-2CF9-4FAE-8BCC-C970FCCD9EAD}"
EndProject
Project("{2150E333-8FDC-42A3-9474-1A3956D46DE8}") = "Solution Items", "Solution Items", "{C1A2C49D-82B8-49F5-9994-68C3E67D0558}"
	ProjectSection(SolutionItems) = preProject
		.editorconfig = .editorconfig
	EndProjectSection
EndProject
Project("{9A19103F-16F7-4668-BE54-9A1E7A4F7556}") = "Lyrics.Lyricsovh", "Lyrics.Lyricsovh\Lyrics.Lyricsovh.csproj", "{D3B68C0E-61BF-4354-AD8D-5F0FD7119682}"
EndProject
Project("{9A19103F-16F7-4668-BE54-9A1E7A4F7556}") = "Lyrics.Lyricsovh.Tests", "Lyrics.Lyricsovh.Tests\Lyrics.Lyricsovh.Tests.csproj", "{1DF505E9-67DB-4F14-8EA5-4EB9767A4CF8}"
EndProject
Project("{9A19103F-16F7-4668-BE54-9A1E7A4F7556}") = "Lyrics.Logic", "Lyrics.Logic\Lyrics.Logic.csproj", "{4ED56CA1-A85C-4ECA-A5B6-331843CF8248}"
EndProject
Project("{9A19103F-16F7-4668-BE54-9A1E7A4F7556}") = "Lyrics.Common.Tests", "Lyrics.Common.Tests\Lyrics.Common.Tests.csproj", "{7E4153CE-FEC4-4A7E-93CD-651186484CA8}"
EndProject
Project("{9A19103F-16F7-4668-BE54-9A1E7A4F7556}") = "Lyrics.MusicBrainz", "Lyrics.MusicBrainz\Lyrics.MusicBrainz.csproj", "{ABFCA251-B9C1-425E-9287-DFB08958FF50}"
EndProject
Global
	GlobalSection(SolutionConfigurationPlatforms) = preSolution
		Debug|Any CPU = Debug|Any CPU
		Release|Any CPU = Release|Any CPU
	EndGlobalSection
	GlobalSection(ProjectConfigurationPlatforms) = postSolution
		{E7A2A96C-87FF-4618-9F97-E48DCB335FD7}.Debug|Any CPU.ActiveCfg = Debug|Any CPU
		{E7A2A96C-87FF-4618-9F97-E48DCB335FD7}.Debug|Any CPU.Build.0 = Debug|Any CPU
		{E7A2A96C-87FF-4618-9F97-E48DCB335FD7}.Release|Any CPU.ActiveCfg = Release|Any CPU
		{E7A2A96C-87FF-4618-9F97-E48DCB335FD7}.Release|Any CPU.Build.0 = Release|Any CPU
		{B906BAA3-848E-4DAC-9D1A-53A748FEDFED}.Debug|Any CPU.ActiveCfg = Debug|Any CPU
		{B906BAA3-848E-4DAC-9D1A-53A748FEDFED}.Debug|Any CPU.Build.0 = Debug|Any CPU
		{B906BAA3-848E-4DAC-9D1A-53A748FEDFED}.Release|Any CPU.ActiveCfg = Release|Any CPU
		{B906BAA3-848E-4DAC-9D1A-53A748FEDFED}.Release|Any CPU.Build.0 = Release|Any CPU
		{CE8D6353-CE74-48F0-8B03-837026C01154}.Debug|Any CPU.ActiveCfg = Debug|Any CPU
		{CE8D6353-CE74-48F0-8B03-837026C01154}.Debug|Any CPU.Build.0 = Debug|Any CPU
		{CE8D6353-CE74-48F0-8B03-837026C01154}.Release|Any CPU.ActiveCfg = Release|Any CPU
		{CE8D6353-CE74-48F0-8B03-837026C01154}.Release|Any CPU.Build.0 = Release|Any CPU
		{A7DB716E-2CF9-4FAE-8BCC-C970FCCD9EAD}.Debug|Any CPU.ActiveCfg = Debug|Any CPU
		{A7DB716E-2CF9-4FAE-8BCC-C970FCCD9EAD}.Debug|Any CPU.Build.0 = Debug|Any CPU
		{A7DB716E-2CF9-4FAE-8BCC-C970FCCD9EAD}.Release|Any CPU.ActiveCfg = Release|Any CPU
		{A7DB716E-2CF9-4FAE-8BCC-C970FCCD9EAD}.Release|Any CPU.Build.0 = Release|Any CPU
		{D3B68C0E-61BF-4354-AD8D-5F0FD7119682}.Debug|Any CPU.ActiveCfg = Debug|Any CPU
		{D3B68C0E-61BF-4354-AD8D-5F0FD7119682}.Debug|Any CPU.Build.0 = Debug|Any CPU
		{D3B68C0E-61BF-4354-AD8D-5F0FD7119682}.Release|Any CPU.ActiveCfg = Release|Any CPU
		{D3B68C0E-61BF-4354-AD8D-5F0FD7119682}.Release|Any CPU.Build.0 = Release|Any CPU
		{1DF505E9-67DB-4F14-8EA5-4EB9767A4CF8}.Debug|Any CPU.ActiveCfg = Debug|Any CPU
		{1DF505E9-67DB-4F14-8EA5-4EB9767A4CF8}.Debug|Any CPU.Build.0 = Debug|Any CPU
		{1DF505E9-67DB-4F14-8EA5-4EB9767A4CF8}.Release|Any CPU.ActiveCfg = Release|Any CPU
		{1DF505E9-67DB-4F14-8EA5-4EB9767A4CF8}.Release|Any CPU.Build.0 = Release|Any CPU
		{4ED56CA1-A85C-4ECA-A5B6-331843CF8248}.Debug|Any CPU.ActiveCfg = Debug|Any CPU
		{4ED56CA1-A85C-4ECA-A5B6-331843CF8248}.Debug|Any CPU.Build.0 = Debug|Any CPU
		{4ED56CA1-A85C-4ECA-A5B6-331843CF8248}.Release|Any CPU.ActiveCfg = Release|Any CPU
		{4ED56CA1-A85C-4ECA-A5B6-331843CF8248}.Release|Any CPU.Build.0 = Release|Any CPU
		{7E4153CE-FEC4-4A7E-93CD-651186484CA8}.Debug|Any CPU.ActiveCfg = Debug|Any CPU
		{7E4153CE-FEC4-4A7E-93CD-651186484CA8}.Debug|Any CPU.Build.0 = Debug|Any CPU
		{7E4153CE-FEC4-4A7E-93CD-651186484CA8}.Release|Any CPU.ActiveCfg = Release|Any CPU
		{7E4153CE-FEC4-4A7E-93CD-651186484CA8}.Release|Any CPU.Build.0 = Release|Any CPU
		{ABFCA251-B9C1-425E-9287-DFB08958FF50}.Debug|Any CPU.ActiveCfg = Debug|Any CPU
		{ABFCA251-B9C1-425E-9287-DFB08958FF50}.Debug|Any CPU.Build.0 = Debug|Any CPU
		{ABFCA251-B9C1-425E-9287-DFB08958FF50}.Release|Any CPU.ActiveCfg = Release|Any CPU
		{ABFCA251-B9C1-425E-9287-DFB08958FF50}.Release|Any CPU.Build.0 = Release|Any CPU
	EndGlobalSection
	GlobalSection(SolutionProperties) = preSolution
		HideSolutionNode = FALSE
	EndGlobalSection
	GlobalSection(ExtensibilityGlobals) = postSolution
		SolutionGuid = {F58F5F89-B152-401A-84E7-DB4EA2DE6BA1}
	EndGlobalSection
EndGlobal
